
Microsoft Visual Studio Solution File, Format Version 12.00
# Visual Studio Version 17
VisualStudioVersion = 17.4.33110.190
MinimumVisualStudioVersion = 10.0.40219.1
Project("{8BC9CEB8-8B4A-11D0-8D11-00A0C91BC942}") = "SCI_303_Assignment_3", "SCI_303_Assignment_3\SCI_303_Assignment_3.vcxproj", "{5417A03F-8629-4BF6-971A-D1E695AF509A}"
EndProject
Global
	GlobalSection(SolutionConfigurationPlatforms) = preSolution
		Debug|x64 = Debug|x64
		Debug|x86 = Debug|x86
		Release|x64 = Release|x64
		Release|x86 = Release|x86
	EndGlobalSection
	GlobalSection(ProjectConfigurationPlatforms) = postSolution
		{5417A03F-8629-4BF6-971A-D1E695AF509A}.Debug|x64.ActiveCfg = Debug|x64
		{5417A03F-8629-4BF6-971A-D1E695AF509A}.Debug|x64.Build.0 = Debug|x64
		{5417A03F-8629-4BF6-971A-D1E695AF509A}.Debug|x86.ActiveCfg = Debug|Win32
		{5417A03F-8629-4BF6-971A-D1E695AF509A}.Debug|x86.Build.0 = Debug|Win32
		{5417A03F-8629-4BF6-971A-D1E695AF509A}.Release|x64.ActiveCfg = Release|x64
		{5417A03F-8629-4BF6-971A-D1E695AF509A}.Release|x64.Build.0 = Release|x64
		{5417A03F-8629-4BF6-971A-D1E695AF509A}.Release|x86.ActiveCfg = Release|Win32
		{5417A03F-8629-4BF6-971A-D1E695AF509A}.Release|x86.Build.0 = Release|Win32
	EndGlobalSection
	GlobalSection(SolutionProperties) = preSolution
		HideSolutionNode = FALSE
	EndGlobalSection
	GlobalSection(ExtensibilityGlobals) = postSolution
		SolutionGuid = {610A4ED1-634D-48EE-B29C-CF4803B4ABFD}
	EndGlobalSection
EndGlobal
